
Microsoft Visual Studio Solution File, Format Version 12.00
# Visual Studio Version 16
VisualStudioVersion = 16.0.29424.173
MinimumVisualStudioVersion = 10.0.40219.1
Project("{FAE04EC0-301F-11D3-BF4B-00C04F79EFBC}") = "FingerNote.Android", "FingerNote\FingerNote.Android\FingerNote.Android.csproj", "{76ACAAFB-CED2-445E-9483-5E4617574DE5}"
EndProject
Project("{FAE04EC0-301F-11D3-BF4B-00C04F79EFBC}") = "FingerNote", "FingerNote\FingerNote\FingerNote.csproj", "{65B16850-295D-4E27-854A-D094B6DB0688}"
EndProject
Global
	GlobalSection(SolutionConfigurationPlatforms) = preSolution
		Debug|Any CPU = Debug|Any CPU
		Release|Any CPU = Release|Any CPU
	EndGlobalSection
	GlobalSection(ProjectConfigurationPlatforms) = postSolution
		{76ACAAFB-CED2-445E-9483-5E4617574DE5}.Debug|Any CPU.ActiveCfg = Debug|Any CPU
		{76ACAAFB-CED2-445E-9483-5E4617574DE5}.Debug|Any CPU.Build.0 = Debug|Any CPU
		{76ACAAFB-CED2-445E-9483-5E4617574DE5}.Debug|Any CPU.Deploy.0 = Debug|Any CPU
		{76ACAAFB-CED2-445E-9483-5E4617574DE5}.Release|Any CPU.ActiveCfg = Release|Any CPU
		{76ACAAFB-CED2-445E-9483-5E4617574DE5}.Release|Any CPU.Build.0 = Release|Any CPU
		{76ACAAFB-CED2-445E-9483-5E4617574DE5}.Release|Any CPU.Deploy.0 = Release|Any CPU
		{65B16850-295D-4E27-854A-D094B6DB0688}.Debug|Any CPU.ActiveCfg = Debug|Any CPU
		{65B16850-295D-4E27-854A-D094B6DB0688}.Debug|Any CPU.Build.0 = Debug|Any CPU
		{65B16850-295D-4E27-854A-D094B6DB0688}.Debug|Any CPU.Deploy.0 = Debug|Any CPU
		{65B16850-295D-4E27-854A-D094B6DB0688}.Release|Any CPU.ActiveCfg = Release|Any CPU
		{65B16850-295D-4E27-854A-D094B6DB0688}.Release|Any CPU.Build.0 = Release|Any CPU
		{65B16850-295D-4E27-854A-D094B6DB0688}.Release|Any CPU.Deploy.0 = Release|Any CPU
	EndGlobalSection
	GlobalSection(SolutionProperties) = preSolution
		HideSolutionNode = FALSE
	EndGlobalSection
	GlobalSection(ExtensibilityGlobals) = postSolution
		SolutionGuid = {28FB86E3-2D86-472D-9B7F-B38A601786A9}
	EndGlobalSection
EndGlobal
